
Microsoft Visual Studio Solution File, Format Version 12.00
# Visual Studio Version 17
VisualStudioVersion = 17.2.32526.322
MinimumVisualStudioVersion = 10.0.40219.1
Project("{9A19103F-16F7-4668-BE54-9A1E7A4F7556}") = "DgCmsPad", "DgCmsPad\DgCmsPad.csproj", "{CC630ED7-7231-4FE3-957F-AA84B2A11E44}"
EndProject
Global
	GlobalSection(SolutionConfigurationPlatforms) = preSolution
		Debug|Any CPU = Debug|Any CPU
		Release|Any CPU = Release|Any CPU
	EndGlobalSection
	GlobalSection(ProjectConfigurationPlatforms) = postSolution
		{CC630ED7-7231-4FE3-957F-AA84B2A11E44}.Debug|Any CPU.ActiveCfg = Debug|Any CPU
		{CC630ED7-7231-4FE3-957F-AA84B2A11E44}.Debug|Any CPU.Build.0 = Debug|Any CPU
		{CC630ED7-7231-4FE3-957F-AA84B2A11E44}.Release|Any CPU.ActiveCfg = Release|Any CPU
		{CC630ED7-7231-4FE3-957F-AA84B2A11E44}.Release|Any CPU.Build.0 = Release|Any CPU
	EndGlobalSection
	GlobalSection(SolutionProperties) = preSolution
		HideSolutionNode = FALSE
	EndGlobalSection
	GlobalSection(ExtensibilityGlobals) = postSolution
		SolutionGuid = {3E13F5AD-EA2B-4024-80D8-F8F08A4F294B}
	EndGlobalSection
EndGlobal
